
Microsoft Visual Studio Solution File, Format Version 12.00
Project("{FAE04EC0-301F-11D3-BF4B-00C04F79EFBC}") = "APBD_Lab02", "APBD_Lab02\APBD_Lab02.csproj", "{29CDF7AB-B327-4D5F-8907-D76670DE9DAA}"
EndProject
Global
	GlobalSection(SolutionConfigurationPlatforms) = preSolution
		Debug|Any CPU = Debug|Any CPU
		Release|Any CPU = Release|Any CPU
	EndGlobalSection
	GlobalSection(ProjectConfigurationPlatforms) = postSolution
		{29CDF7AB-B327-4D5F-8907-D76670DE9DAA}.Debug|Any CPU.ActiveCfg = Debug|Any CPU
		{29CDF7AB-B327-4D5F-8907-D76670DE9DAA}.Debug|Any CPU.Build.0 = Debug|Any CPU
		{29CDF7AB-B327-4D5F-8907-D76670DE9DAA}.Release|Any CPU.ActiveCfg = Release|Any CPU
		{29CDF7AB-B327-4D5F-8907-D76670DE9DAA}.Release|Any CPU.Build.0 = Release|Any CPU
	EndGlobalSection
EndGlobal
